
Microsoft Visual Studio Solution File, Format Version 12.00
# Visual Studio Version 16
VisualStudioVersion = 16.0.30804.86
MinimumVisualStudioVersion = 10.0.40219.1
Project("{FAE04EC0-301F-11D3-BF4B-00C04F79EFBC}") = "Notatnik", "Notatnik\Notatnik.csproj", "{DDB9B7F8-E225-46ED-99A6-1EA6B08C842D}"
EndProject
Global
	GlobalSection(SolutionConfigurationPlatforms) = preSolution
		Debug|Any CPU = Debug|Any CPU
		Release|Any CPU = Release|Any CPU
	EndGlobalSection
	GlobalSection(ProjectConfigurationPlatforms) = postSolution
		{DDB9B7F8-E225-46ED-99A6-1EA6B08C842D}.Debug|Any CPU.ActiveCfg = Debug|Any CPU
		{DDB9B7F8-E225-46ED-99A6-1EA6B08C842D}.Debug|Any CPU.Build.0 = Debug|Any CPU
		{DDB9B7F8-E225-46ED-99A6-1EA6B08C842D}.Release|Any CPU.ActiveCfg = Release|Any CPU
		{DDB9B7F8-E225-46ED-99A6-1EA6B08C842D}.Release|Any CPU.Build.0 = Release|Any CPU
	EndGlobalSection
	GlobalSection(SolutionProperties) = preSolution
		HideSolutionNode = FALSE
	EndGlobalSection
	GlobalSection(ExtensibilityGlobals) = postSolution
		SolutionGuid = {6167C123-782A-42C8-A7C7-F7E000DDF7F2}
	EndGlobalSection
EndGlobal
