
Microsoft Visual Studio Solution File, Format Version 12.00
# Visual Studio Version 16
VisualStudioVersion = 16.0.30804.86
MinimumVisualStudioVersion = 10.0.40219.1
Project("{FAE04EC0-301F-11D3-BF4B-00C04F79EFBC}") = "DragAndDrop", "DragAndDrop\DragAndDrop.csproj", "{61EB8A37-BBD3-49AA-811D-C99D79E0AA9C}"
EndProject
Global
	GlobalSection(SolutionConfigurationPlatforms) = preSolution
		Debug|Any CPU = Debug|Any CPU
		Release|Any CPU = Release|Any CPU
	EndGlobalSection
	GlobalSection(ProjectConfigurationPlatforms) = postSolution
		{61EB8A37-BBD3-49AA-811D-C99D79E0AA9C}.Debug|Any CPU.ActiveCfg = Debug|Any CPU
		{61EB8A37-BBD3-49AA-811D-C99D79E0AA9C}.Debug|Any CPU.Build.0 = Debug|Any CPU
		{61EB8A37-BBD3-49AA-811D-C99D79E0AA9C}.Release|Any CPU.ActiveCfg = Release|Any CPU
		{61EB8A37-BBD3-49AA-811D-C99D79E0AA9C}.Release|Any CPU.Build.0 = Release|Any CPU
	EndGlobalSection
	GlobalSection(SolutionProperties) = preSolution
		HideSolutionNode = FALSE
	EndGlobalSection
	GlobalSection(ExtensibilityGlobals) = postSolution
		SolutionGuid = {0B0E9641-D5E9-4C7E-BAC2-E00EEC5EDB60}
	EndGlobalSection
EndGlobal
